
Microsoft Visual Studio Solution File, Format Version 12.00
# Visual Studio Version 17
VisualStudioVersion = 17.4.33213.308
MinimumVisualStudioVersion = 10.0.40219.1
Project("{FAE04EC0-301F-11D3-BF4B-00C04F79EFBC}") = "Midterm", "Midterm\Midterm.csproj", "{D040EB45-3074-4AF9-B652-82882D9339CD}"
EndProject
Global
	GlobalSection(SolutionConfigurationPlatforms) = preSolution
		Debug|Any CPU = Debug|Any CPU
		Release|Any CPU = Release|Any CPU
	EndGlobalSection
	GlobalSection(ProjectConfigurationPlatforms) = postSolution
		{D040EB45-3074-4AF9-B652-82882D9339CD}.Debug|Any CPU.ActiveCfg = Debug|Any CPU
		{D040EB45-3074-4AF9-B652-82882D9339CD}.Debug|Any CPU.Build.0 = Debug|Any CPU
		{D040EB45-3074-4AF9-B652-82882D9339CD}.Release|Any CPU.ActiveCfg = Release|Any CPU
		{D040EB45-3074-4AF9-B652-82882D9339CD}.Release|Any CPU.Build.0 = Release|Any CPU
	EndGlobalSection
	GlobalSection(SolutionProperties) = preSolution
		HideSolutionNode = FALSE
	EndGlobalSection
	GlobalSection(ExtensibilityGlobals) = postSolution
		SolutionGuid = {765BB763-4990-450E-84B0-FB936E35FCB2}
	EndGlobalSection
EndGlobal
